// !$*UTF8*$!
{
	archiveVersion = 1;
	classes = {
	};
	objectVersion = 56;
	objects = {

/* Begin PBXBuildFile section */
		529D5F132AB911A40066ACB6 /* InstaCloneFirebaseApp.swift in Sources */ = {isa = PBXBuildFile; fileRef = 529D5F122AB911A40066ACB6 /* InstaCloneFirebaseApp.swift */; };
		529D5F152AB911A40066ACB6 /* ContentView.swift in Sources */ = {isa = PBXBuildFile; fileRef = 529D5F142AB911A40066ACB6 /* ContentView.swift */; };
		529D5F172AB911A50066ACB6 /* Assets.xcassets in Resources */ = {isa = PBXBuildFile; fileRef = 529D5F162AB911A50066ACB6 /* Assets.xcassets */; };
		529D5F1B2AB911A50066ACB6 /* Preview Assets.xcassets in Resources */ = {isa = PBXBuildFile; fileRef = 529D5F1A2AB911A50066ACB6 /* Preview Assets.xcassets */; };
		529D5F252AB911A50066ACB6 /* InstaCloneFirebaseTests.swift in Sources */ = {isa = PBXBuildFile; fileRef = 529D5F242AB911A50066ACB6 /* InstaCloneFirebaseTests.swift */; };
		529D5F2F2AB911A50066ACB6 /* InstaCloneFirebaseUITests.swift in Sources */ = {isa = PBXBuildFile; fileRef = 529D5F2E2AB911A50066ACB6 /* InstaCloneFirebaseUITests.swift */; };
		529D5F312AB911A50066ACB6 /* InstaCloneFirebaseUITestsLaunchTests.swift in Sources */ = {isa = PBXBuildFile; fileRef = 529D5F302AB911A50066ACB6 /* InstaCloneFirebaseUITestsLaunchTests.swift */; };
		529D5F3F2AB93CDE0066ACB6 /* GoogleService-Info.plist in Resources */ = {isa = PBXBuildFile; fileRef = 529D5F3E2AB93CDE0066ACB6 /* GoogleService-Info.plist */; };
		5581EFAE8F20560F0932A45F /* Pods_InstaCloneFirebase.framework in Frameworks */ = {isa = PBXBuildFile; fileRef = 5878356DBF2C46784B107C42 /* Pods_InstaCloneFirebase.framework */; };
		8DF3A37E30E66D153000DDF1 /* Pods_InstaCloneFirebaseTests.framework in Frameworks */ = {isa = PBXBuildFile; fileRef = 2C42EFFDD15378A63FFEB66C /* Pods_InstaCloneFirebaseTests.framework */; };
		B8AD76DBC3AF8ED32C63AD9F /* Pods_InstaCloneFirebase_InstaCloneFirebaseUITests.framework in Frameworks */ = {isa = PBXBuildFile; fileRef = 4CF48AAE3347AA978E8E1D14 /* Pods_InstaCloneFirebase_InstaCloneFirebaseUITests.framework */; };
/* End PBXBuildFile section */

/* Begin PBXContainerItemProxy section */
		529D5F212AB911A50066ACB6 /* PBXContainerItemProxy */ = {
			isa = PBXContainerItemProxy;
			containerPortal = 529D5F072AB911A40066ACB6 /* Project object */;
			proxyType = 1;
			remoteGlobalIDString = 529D5F0E2AB911A40066ACB6;
			remoteInfo = InstaCloneFirebase;
		};
		529D5F2B2AB911A50066ACB6 /* PBXContainerItemProxy */ = {
			isa = PBXContainerItemProxy;
			containerPortal = 529D5F072AB911A40066ACB6 /* Project object */;
			proxyType = 1;
			remoteGlobalIDString = 529D5F0E2AB911A40066ACB6;
			remoteInfo = InstaCloneFirebase;
		};
/* End PBXContainerItemProxy section */

/* Begin PBXFileReference section */
		0C3F7B1F8549938021B29034 /* Pods-InstaCloneFirebaseTests.debug.xcconfig */ = {isa = PBXFileReference; includeInIndex = 1; lastKnownFileType = text.xcconfig; name = "Pods-InstaCloneFirebaseTests.debug.xcconfig"; path = "Target Support Files/Pods-InstaCloneFirebaseTests/Pods-InstaCloneFirebaseTests.debug.xcconfig"; sourceTree = "<group>"; };
		2C42EFFDD15378A63FFEB66C /* Pods_InstaCloneFirebaseTests.framework */ = {isa = PBXFileReference; explicitFileType = wrapper.framework; includeInIndex = 0; path = Pods_InstaCloneFirebaseTests.framework; sourceTree = BUILT_PRODUCTS_DIR; };
		4097AD65C32659957257601E /* Pods-InstaCloneFirebase-InstaCloneFirebaseUITests.debug.xcconfig */ = {isa = PBXFileReference; includeInIndex = 1; lastKnownFileType = text.xcconfig; name = "Pods-InstaCloneFirebase-InstaCloneFirebaseUITests.debug.xcconfig"; path = "Target Support Files/Pods-InstaCloneFirebase-InstaCloneFirebaseUITests/Pods-InstaCloneFirebase-InstaCloneFirebaseUITests.debug.xcconfig"; sourceTree = "<group>"; };
		47E4C1BDECE83EDB4BBD2871 /* Pods-InstaCloneFirebase.debug.xcconfig */ = {isa = PBXFileReference; includeInIndex = 1; lastKnownFileType = text.xcconfig; name = "Pods-InstaCloneFirebase.debug.xcconfig"; path = "Target Support Files/Pods-InstaCloneFirebase/Pods-InstaCloneFirebase.debug.xcconfig"; sourceTree = "<group>"; };
		4CF48AAE3347AA978E8E1D14 /* Pods_InstaCloneFirebase_InstaCloneFirebaseUITests.framework */ = {isa = PBXFileReference; explicitFileType = wrapper.framework; includeInIndex = 0; path = Pods_InstaCloneFirebase_InstaCloneFirebaseUITests.framework; sourceTree = BUILT_PRODUCTS_DIR; };
		529D5F0F2AB911A40066ACB6 /* InstaCloneFirebase.app */ = {isa = PBXFileReference; explicitFileType = wrapper.application; includeInIndex = 0; path = InstaCloneFirebase.app; sourceTree = BUILT_PRODUCTS_DIR; };
		529D5F122AB911A40066ACB6 /* InstaCloneFirebaseApp.swift */ = {isa = PBXFileReference; lastKnownFileType = sourcecode.swift; path = InstaCloneFirebaseApp.swift; sourceTree = "<group>"; };
		529D5F142AB911A40066ACB6 /* ContentView.swift */ = {isa = PBXFileReference; lastKnownFileType = sourcecode.swift; path = ContentView.swift; sourceTree = "<group>"; };
		529D5F162AB911A50066ACB6 /* Assets.xcassets */ = {isa = PBXFileReference; lastKnownFileType = folder.assetcatalog; path = Assets.xcassets; sourceTree = "<group>"; };
		529D5F182AB911A50066ACB6 /* InstaCloneFirebase.entitlements */ = {isa = PBXFileReference; lastKnownFileType = text.plist.entitlements; path = InstaCloneFirebase.entitlements; sourceTree = "<group>"; };
		529D5F1A2AB911A50066ACB6 /* Preview Assets.xcassets */ = {isa = PBXFileReference; lastKnownFileType = folder.assetcatalog; path = "Preview Assets.xcassets"; sourceTree = "<group>"; };
		529D5F202AB911A50066ACB6 /* InstaCloneFirebaseTests.xctest */ = {isa = PBXFileReference; explicitFileType = wrapper.cfbundle; includeInIndex = 0; path = InstaCloneFirebaseTests.xctest; sourceTree = BUILT_PRODUCTS_DIR; };
		529D5F242AB911A50066ACB6 /* InstaCloneFirebaseTests.swift */ = {isa = PBXFileReference; lastKnownFileType = sourcecode.swift; path = InstaCloneFirebaseTests.swift; sourceTree = "<group>"; };
		529D5F2A2AB911A50066ACB6 /* InstaCloneFirebaseUITests.xctest */ = {isa = PBXFileReference; explicitFileType = wrapper.cfbundle; includeInIndex = 0; path = InstaCloneFirebaseUITests.xctest; sourceTree = BUILT_PRODUCTS_DIR; };
		529D5F2E2AB911A50066ACB6 /* InstaCloneFirebaseUITests.swift */ = {isa = PBXFileReference; lastKnownFileType = sourcecode.swift; path = InstaCloneFirebaseUITests.swift; sourceTree = "<group>"; };
		529D5F302AB911A50066ACB6 /* InstaCloneFirebaseUITestsLaunchTests.swift */ = {isa = PBXFileReference; lastKnownFileType = sourcecode.swift; path = InstaCloneFirebaseUITestsLaunchTests.swift; sourceTree = "<group>"; };
		529D5F3E2AB93CDE0066ACB6 /* GoogleService-Info.plist */ = {isa = PBXFileReference; fileEncoding = 4; lastKnownFileType = text.plist.xml; path = "GoogleService-Info.plist"; sourceTree = "<group>"; };
		57C6FD5207C9A7D3B88DC242 /* Pods-InstaCloneFirebaseTests.release.xcconfig */ = {isa = PBXFileReference; includeInIndex = 1; lastKnownFileType = text.xcconfig; name = "Pods-InstaCloneFirebaseTests.release.xcconfig"; path = "Target Support Files/Pods-InstaCloneFirebaseTests/Pods-InstaCloneFirebaseTests.release.xcconfig"; sourceTree = "<group>"; };
		5878356DBF2C46784B107C42 /* Pods_InstaCloneFirebase.framework */ = {isa = PBXFileReference; explicitFileType = wrapper.framework; includeInIndex = 0; path = Pods_InstaCloneFirebase.framework; sourceTree = BUILT_PRODUCTS_DIR; };
		CE9C68F8297B523CD1CA8D40 /* Pods-InstaCloneFirebase-InstaCloneFirebaseUITests.release.xcconfig */ = {isa = PBXFileReference; includeInIndex = 1; lastKnownFileType = text.xcconfig; name = "Pods-InstaCloneFirebase-InstaCloneFirebaseUITests.release.xcconfig"; path = "Target Support Files/Pods-InstaCloneFirebase-InstaCloneFirebaseUITests/Pods-InstaCloneFirebase-InstaCloneFirebaseUITests.release.xcconfig"; sourceTree = "<group>"; };
		D974CF57ECD567EA9CA3B554 /* Pods-InstaCloneFirebase.release.xcconfig */ = {isa = PBXFileReference; includeInIndex = 1; lastKnownFileType = text.xcconfig; name = "Pods-InstaCloneFirebase.release.xcconfig"; path = "Target Support Files/Pods-InstaCloneFirebase/Pods-InstaCloneFirebase.release.xcconfig"; sourceTree = "<group>"; };
/* End PBXFileReference section */

/* Begin PBXFrameworksBuildPhase section */
		529D5F0C2AB911A40066ACB6 /* Frameworks */ = {
			isa = PBXFrameworksBuildPhase;
			buildActionMask = 2147483647;
			files = (
				5581EFAE8F20560F0932A45F /* Pods_InstaCloneFirebase.framework in Frameworks */,
			);
			runOnlyForDeploymentPostprocessing = 0;
		};
		529D5F1D2AB911A50066ACB6 /* Frameworks */ = {
			isa = PBXFrameworksBuildPhase;
			buildActionMask = 2147483647;
			files = (
				8DF3A37E30E66D153000DDF1 /* Pods_InstaCloneFirebaseTests.framework in Frameworks */,
			);
			runOnlyForDeploymentPostprocessing = 0;
		};
		529D5F272AB911A50066ACB6 /* Frameworks */ = {
			isa = PBXFrameworksBuildPhase;
			buildActionMask = 2147483647;
			files = (
				B8AD76DBC3AF8ED32C63AD9F /* Pods_InstaCloneFirebase_InstaCloneFirebaseUITests.framework in Frameworks */,
			);
			runOnlyForDeploymentPostprocessing = 0;
		};
/* End PBXFrameworksBuildPhase section */

/* Begin PBXGroup section */
		529D5F062AB911A40066ACB6 = {
			isa = PBXGroup;
			children = (
				529D5F112AB911A40066ACB6 /* InstaCloneFirebase */,
				529D5F232AB911A50066ACB6 /* InstaCloneFirebaseTests */,
				529D5F2D2AB911A50066ACB6 /* InstaCloneFirebaseUITests */,
				529D5F102AB911A40066ACB6 /* Products */,
				D5CA74D5F4A3B65E86F2BAE1 /* Pods */,
				6B64FF58BD22A2D940984C77 /* Frameworks */,
			);
			sourceTree = "<group>";
		};
		529D5F102AB911A40066ACB6 /* Products */ = {
			isa = PBXGroup;
			children = (
				529D5F0F2AB911A40066ACB6 /* InstaCloneFirebase.app */,
				529D5F202AB911A50066ACB6 /* InstaCloneFirebaseTests.xctest */,
				529D5F2A2AB911A50066ACB6 /* InstaCloneFirebaseUITests.xctest */,
			);
			name = Products;
			sourceTree = "<group>";
		};
		529D5F112AB911A40066ACB6 /* InstaCloneFirebase */ = {
			isa = PBXGroup;
			children = (
				529D5F122AB911A40066ACB6 /* InstaCloneFirebaseApp.swift */,
				529D5F142AB911A40066ACB6 /* ContentView.swift */,
				529D5F162AB911A50066ACB6 /* Assets.xcassets */,
				529D5F182AB911A50066ACB6 /* InstaCloneFirebase.entitlements */,
				529D5F3E2AB93CDE0066ACB6 /* GoogleService-Info.plist */,
				529D5F192AB911A50066ACB6 /* Preview Content */,
			);
			path = InstaCloneFirebase;
			sourceTree = "<group>";
		};
		529D5F192AB911A50066ACB6 /* Preview Content */ = {
			isa = PBXGroup;
			children = (
				529D5F1A2AB911A50066ACB6 /* Preview Assets.xcassets */,
			);
			path = "Preview Content";
			sourceTree = "<group>";
		};
		529D5F232AB911A50066ACB6 /* InstaCloneFirebaseTests */ = {
			isa = PBXGroup;
			children = (
				529D5F242AB911A50066ACB6 /* InstaCloneFirebaseTests.swift */,
			);
			path = InstaCloneFirebaseTests;
			sourceTree = "<group>";
		};
		529D5F2D2AB911A50066ACB6 /* InstaCloneFirebaseUITests */ = {
			isa = PBXGroup;
			children = (
				529D5F2E2AB911A50066ACB6 /* InstaCloneFirebaseUITests.swift */,
				529D5F302AB911A50066ACB6 /* InstaCloneFirebaseUITestsLaunchTests.swift */,
			);
			path = InstaCloneFirebaseUITests;
			sourceTree = "<group>";
		};
		6B64FF58BD22A2D940984C77 /* Frameworks */ = {
			isa = PBXGroup;
			children = (
				5878356DBF2C46784B107C42 /* Pods_InstaCloneFirebase.framework */,
				4CF48AAE3347AA978E8E1D14 /* Pods_InstaCloneFirebase_InstaCloneFirebaseUITests.framework */,
				2C42EFFDD15378A63FFEB66C /* Pods_InstaCloneFirebaseTests.framework */,
			);
			name = Frameworks;
			sourceTree = "<group>";
		};
		D5CA74D5F4A3B65E86F2BAE1 /* Pods */ = {
			isa = PBXGroup;
			children = (
				47E4C1BDECE83EDB4BBD2871 /* Pods-InstaCloneFirebase.debug.xcconfig */,
				D974CF57ECD567EA9CA3B554 /* Pods-InstaCloneFirebase.release.xcconfig */,
				4097AD65C32659957257601E /* Pods-InstaCloneFirebase-InstaCloneFirebaseUITests.debug.xcconfig */,
				CE9C68F8297B523CD1CA8D40 /* Pods-InstaCloneFirebase-InstaCloneFirebaseUITests.release.xcconfig */,
				0C3F7B1F8549938021B29034 /* Pods-InstaCloneFirebaseTests.debug.xcconfig */,
				57C6FD5207C9A7D3B88DC242 /* Pods-InstaCloneFirebaseTests.release.xcconfig */,
			);
			name = Pods;
			path = Pods;
			sourceTree = "<group>";
		};
/* End PBXGroup section */

/* Begin PBXNativeTarget section */
		529D5F0E2AB911A40066ACB6 /* InstaCloneFirebase */ = {
			isa = PBXNativeTarget;
			buildConfigurationList = 529D5F342AB911A50066ACB6 /* Build configuration list for PBXNativeTarget "InstaCloneFirebase" */;
			buildPhases = (
				7A2BD2CC5F5AA713F806F678 /* [CP] Check Pods Manifest.lock */,
				529D5F0B2AB911A40066ACB6 /* Sources */,
				529D5F0C2AB911A40066ACB6 /* Frameworks */,
				529D5F0D2AB911A40066ACB6 /* Resources */,
				6CC04853652ECB30DB603268 /* [CP] Embed Pods Frameworks */,
			);
			buildRules = (
			);
			dependencies = (
			);
			name = InstaCloneFirebase;
			productName = InstaCloneFirebase;
			productReference = 529D5F0F2AB911A40066ACB6 /* InstaCloneFirebase.app */;
			productType = "com.apple.product-type.application";
		};
		529D5F1F2AB911A50066ACB6 /* InstaCloneFirebaseTests */ = {
			isa = PBXNativeTarget;
			buildConfigurationList = 529D5F372AB911A50066ACB6 /* Build configuration list for PBXNativeTarget "InstaCloneFirebaseTests" */;
			buildPhases = (
				BB907A1F87EF45BE23974881 /* [CP] Check Pods Manifest.lock */,
				529D5F1C2AB911A50066ACB6 /* Sources */,
				529D5F1D2AB911A50066ACB6 /* Frameworks */,
				529D5F1E2AB911A50066ACB6 /* Resources */,
			);
			buildRules = (
			);
			dependencies = (
				529D5F222AB911A50066ACB6 /* PBXTargetDependency */,
			);
			name = InstaCloneFirebaseTests;
			productName = InstaCloneFirebaseTests;
			productReference = 529D5F202AB911A50066ACB6 /* InstaCloneFirebaseTests.xctest */;
			productType = "com.apple.product-type.bundle.unit-test";
		};
		529D5F292AB911A50066ACB6 /* InstaCloneFirebaseUITests */ = {
			isa = PBXNativeTarget;
			buildConfigurationList = 529D5F3A2AB911A50066ACB6 /* Build configuration list for PBXNativeTarget "InstaCloneFirebaseUITests" */;
			buildPhases = (
				65510B3FEAEA7A4E39601FB8 /* [CP] Check Pods Manifest.lock */,
				529D5F262AB911A50066ACB6 /* Sources */,
				529D5F272AB911A50066ACB6 /* Frameworks */,
				529D5F282AB911A50066ACB6 /* Resources */,
				8ABCDF134E5A5174ACC81288 /* [CP] Embed Pods Frameworks */,
			);
			buildRules = (
			);
			dependencies = (
				529D5F2C2AB911A50066ACB6 /* PBXTargetDependency */,
			);
			name = InstaCloneFirebaseUITests;
			productName = InstaCloneFirebaseUITests;
			productReference = 529D5F2A2AB911A50066ACB6 /* InstaCloneFirebaseUITests.xctest */;
			productType = "com.apple.product-type.bundle.ui-testing";
		};
/* End PBXNativeTarget section */

/* Begin PBXProject section */
		529D5F072AB911A40066ACB6 /* Project object */ = {
			isa = PBXProject;
			attributes = {
				BuildIndependentTargetsInParallel = 1;
				LastSwiftUpdateCheck = 1500;
				LastUpgradeCheck = 1500;
				TargetAttributes = {
					529D5F0E2AB911A40066ACB6 = {
						CreatedOnToolsVersion = 15.0;
					};
					529D5F1F2AB911A50066ACB6 = {
						CreatedOnToolsVersion = 15.0;
						TestTargetID = 529D5F0E2AB911A40066ACB6;
					};
					529D5F292AB911A50066ACB6 = {
						CreatedOnToolsVersion = 15.0;
						TestTargetID = 529D5F0E2AB911A40066ACB6;
					};
				};
			};
			buildConfigurationList = 529D5F0A2AB911A40066ACB6 /* Build configuration list for PBXProject "InstaCloneFirebase" */;
			compatibilityVersion = "Xcode 14.0";
			developmentRegion = en;
			hasScannedForEncodings = 0;
			knownRegions = (
				en,
				Base,
			);
			mainGroup = 529D5F062AB911A40066ACB6;
			productRefGroup = 529D5F102AB911A40066ACB6 /* Products */;
			projectDirPath = "";
			projectRoot = "";
			targets = (
				529D5F0E2AB911A40066ACB6 /* InstaCloneFirebase */,
				529D5F1F2AB911A50066ACB6 /* InstaCloneFirebaseTests */,
				529D5F292AB911A50066ACB6 /* InstaCloneFirebaseUITests */,
			);
		};
/* End PBXProject section */

/* Begin PBXResourcesBuildPhase section */
		529D5F0D2AB911A40066ACB6 /* Resources */ = {
			isa = PBXResourcesBuildPhase;
			buildActionMask = 2147483647;
			files = (
				529D5F1B2AB911A50066ACB6 /* Preview Assets.xcassets in Resources */,
				529D5F172AB911A50066ACB6 /* Assets.xcassets in Resources */,
				529D5F3F2AB93CDE0066ACB6 /* GoogleService-Info.plist in Resources */,
			);
			runOnlyForDeploymentPostprocessing = 0;
		};
		529D5F1E2AB911A50066ACB6 /* Resources */ = {
			isa = PBXResourcesBuildPhase;
			buildActionMask = 2147483647;
			files = (
			);
			runOnlyForDeploymentPostprocessing = 0;
		};
		529D5F282AB911A50066ACB6 /* Resources */ = {
			isa = PBXResourcesBuildPhase;
			buildActionMask = 2147483647;
			files = (
			);
			runOnlyForDeploymentPostprocessing = 0;
		};
/* End PBXResourcesBuildPhase section */

/* Begin PBXShellScriptBuildPhase section */
		65510B3FEAEA7A4E39601FB8 /* [CP] Check Pods Manifest.lock */ = {
			isa = PBXShellScriptBuildPhase;
			buildActionMask = 2147483647;
			files = (
			);
			inputFileListPaths = (
			);
			inputPaths = (
				"${PODS_PODFILE_DIR_PATH}/Podfile.lock",
				"${PODS_ROOT}/Manifest.lock",
			);
			name = "[CP] Check Pods Manifest.lock";
			outputFileListPaths = (
			);
			outputPaths = (
				"$(DERIVED_FILE_DIR)/Pods-InstaCloneFirebase-InstaCloneFirebaseUITests-checkManifestLockResult.txt",
			);
			runOnlyForDeploymentPostprocessing = 0;
			shellPath = /bin/sh;
			shellScript = "diff \"${PODS_PODFILE_DIR_PATH}/Podfile.lock\" \"${PODS_ROOT}/Manifest.lock\" > /dev/null\nif [ $? != 0 ] ; then\n    # print error to STDERR\n    echo \"error: The sandbox is not in sync with the Podfile.lock. Run 'pod install' or update your CocoaPods installation.\" >&2\n    exit 1\nfi\n# This output is used by Xcode 'outputs' to avoid re-running this script phase.\necho \"SUCCESS\" > \"${SCRIPT_OUTPUT_FILE_0}\"\n";
			showEnvVarsInLog = 0;
		};
		6CC04853652ECB30DB603268 /* [CP] Embed Pods Frameworks */ = {
			isa = PBXShellScriptBuildPhase;
			buildActionMask = 2147483647;
			files = (
			);
			inputFileListPaths = (
				"${PODS_ROOT}/Target Support Files/Pods-InstaCloneFirebase/Pods-InstaCloneFirebase-frameworks-${CONFIGURATION}-input-files.xcfilelist",
			);
			name = "[CP] Embed Pods Frameworks";
			outputFileListPaths = (
				"${PODS_ROOT}/Target Support Files/Pods-InstaCloneFirebase/Pods-InstaCloneFirebase-frameworks-${CONFIGURATION}-output-files.xcfilelist",
			);
			runOnlyForDeploymentPostprocessing = 0;
			shellPath = /bin/sh;
			shellScript = "\"${PODS_ROOT}/Target Support Files/Pods-InstaCloneFirebase/Pods-InstaCloneFirebase-frameworks.sh\"\n";
			showEnvVarsInLog = 0;
		};
		7A2BD2CC5F5AA713F806F678 /* [CP] Check Pods Manifest.lock */ = {
			isa = PBXShellScriptBuildPhase;
			buildActionMask = 2147483647;
			files = (
			);
			inputFileListPaths = (
			);
			inputPaths = (
				"${PODS_PODFILE_DIR_PATH}/Podfile.lock",
				"${PODS_ROOT}/Manifest.lock",
			);
			name = "[CP] Check Pods Manifest.lock";
			outputFileListPaths = (
			);
			outputPaths = (
				"$(DERIVED_FILE_DIR)/Pods-InstaCloneFirebase-checkManifestLockResult.txt",
			);
			runOnlyForDeploymentPostprocessing = 0;
			shellPath = /bin/sh;
			shellScript = "diff \"${PODS_PODFILE_DIR_PATH}/Podfile.lock\" \"${PODS_ROOT}/Manifest.lock\" > /dev/null\nif [ $? != 0 ] ; then\n    # print error to STDERR\n    echo \"error: The sandbox is not in sync with the Podfile.lock. Run 'pod install' or update your CocoaPods installation.\" >&2\n    exit 1\nfi\n# This output is used by Xcode 'outputs' to avoid re-running this script phase.\necho \"SUCCESS\" > \"${SCRIPT_OUTPUT_FILE_0}\"\n";
			showEnvVarsInLog = 0;
		};
		8ABCDF134E5A5174ACC81288 /* [CP] Embed Pods Frameworks */ = {
			isa = PBXShellScriptBuildPhase;
			buildActionMask = 2147483647;
			files = (
			);
			inputFileListPaths = (
				"${PODS_ROOT}/Target Support Files/Pods-InstaCloneFirebase-InstaCloneFirebaseUITests/Pods-InstaCloneFirebase-InstaCloneFirebaseUITests-frameworks-${CONFIGURATION}-input-files.xcfilelist",
			);
			name = "[CP] Embed Pods Frameworks";
			outputFileListPaths = (
				"${PODS_ROOT}/Target Support Files/Pods-InstaCloneFirebase-InstaCloneFirebaseUITests/Pods-InstaCloneFirebase-InstaCloneFirebaseUITests-frameworks-${CONFIGURATION}-output-files.xcfilelist",
			);
			runOnlyForDeploymentPostprocessing = 0;
			shellPath = /bin/sh;
			shellScript = "\"${PODS_ROOT}/Target Support Files/Pods-InstaCloneFirebase-InstaCloneFirebaseUITests/Pods-InstaCloneFirebase-InstaCloneFirebaseUITests-frameworks.sh\"\n";
			showEnvVarsInLog = 0;
		};
		BB907A1F87EF45BE23974881 /* [CP] Check Pods Manifest.lock */ = {
			isa = PBXShellScriptBuildPhase;
			buildActionMask = 2147483647;
			files = (
			);
			inputFileListPaths = (
			);
			inputPaths = (
				"${PODS_PODFILE_DIR_PATH}/Podfile.lock",
				"${PODS_ROOT}/Manifest.lock",
			);
			name = "[CP] Check Pods Manifest.lock";
			outputFileListPaths = (
			);
			outputPaths = (
				"$(DERIVED_FILE_DIR)/Pods-InstaCloneFirebaseTests-checkManifestLockResult.txt",
			);
			runOnlyForDeploymentPostprocessing = 0;
			shellPath = /bin/sh;
			shellScript = "diff \"${PODS_PODFILE_DIR_PATH}/Podfile.lock\" \"${PODS_ROOT}/Manifest.lock\" > /dev/null\nif [ $? != 0 ] ; then\n    # print error to STDERR\n    echo \"error: The sandbox is not in sync with the Podfile.lock. Run 'pod install' or update your CocoaPods installation.\" >&2\n    exit 1\nfi\n# This output is used by Xcode 'outputs' to avoid re-running this script phase.\necho \"SUCCESS\" > \"${SCRIPT_OUTPUT_FILE_0}\"\n";
			showEnvVarsInLog = 0;
		};
/* End PBXShellScriptBuildPhase section */

/* Begin PBXSourcesBuildPhase section */
		529D5F0B2AB911A40066ACB6 /* Sources */ = {
			isa = PBXSourcesBuildPhase;
			buildActionMask = 2147483647;
			files = (
				529D5F152AB911A40066ACB6 /* ContentView.swift in Sources */,
				529D5F132AB911A40066ACB6 /* InstaCloneFirebaseApp.swift in Sources */,
			);
			runOnlyForDeploymentPostprocessing = 0;
		};
		529D5F1C2AB911A50066ACB6 /* Sources */ = {
			isa = PBXSourcesBuildPhase;
			buildActionMask = 2147483647;
			files = (
				529D5F252AB911A50066ACB6 /* InstaCloneFirebaseTests.swift in Sources */,
			);
			runOnlyForDeploymentPostprocessing = 0;
		};
		529D5F262AB911A50066ACB6 /* Sources */ = {
			isa = PBXSourcesBuildPhase;
			buildActionMask = 2147483647;
			files = (
				529D5F2F2AB911A50066ACB6 /* InstaCloneFirebaseUITests.swift in Sources */,
				529D5F312AB911A50066ACB6 /* InstaCloneFirebaseUITestsLaunchTests.swift in Sources */,
			);
			runOnlyForDeploymentPostprocessing = 0;
		};
/* End PBXSourcesBuildPhase section */

/* Begin PBXTargetDependency section */
		529D5F222AB911A50066ACB6 /* PBXTargetDependency */ = {
			isa = PBXTargetDependency;
			target = 529D5F0E2AB911A40066ACB6 /* InstaCloneFirebase */;
			targetProxy = 529D5F212AB911A50066ACB6 /* PBXContainerItemProxy */;
		};
		529D5F2C2AB911A50066ACB6 /* PBXTargetDependency */ = {
			isa = PBXTargetDependency;
			target = 529D5F0E2AB911A40066ACB6 /* InstaCloneFirebase */;
			targetProxy = 529D5F2B2AB911A50066ACB6 /* PBXContainerItemProxy */;
		};
/* End PBXTargetDependency section */

/* Begin XCBuildConfiguration section */
		529D5F322AB911A50066ACB6 /* Debug */ = {
			isa = XCBuildConfiguration;
			buildSettings = {
				ALWAYS_SEARCH_USER_PATHS = NO;
				ASSETCATALOG_COMPILER_GENERATE_SWIFT_ASSET_SYMBOL_EXTENSIONS = YES;
				CLANG_ANALYZER_NONNULL = YES;
				CLANG_ANALYZER_NUMBER_OBJECT_CONVERSION = YES_AGGRESSIVE;
				CLANG_CXX_LANGUAGE_STANDARD = "gnu++20";
				CLANG_ENABLE_MODULES = YES;
				CLANG_ENABLE_OBJC_ARC = YES;
				CLANG_ENABLE_OBJC_WEAK = YES;
				CLANG_WARN_BLOCK_CAPTURE_AUTORELEASING = YES;
				CLANG_WARN_BOOL_CONVERSION = YES;
				CLANG_WARN_COMMA = YES;
				CLANG_WARN_CONSTANT_CONVERSION = YES;
				CLANG_WARN_DEPRECATED_OBJC_IMPLEMENTATIONS = YES;
				CLANG_WARN_DIRECT_OBJC_ISA_USAGE = YES_ERROR;
				CLANG_WARN_DOCUMENTATION_COMMENTS = YES;
				CLANG_WARN_EMPTY_BODY = YES;
				CLANG_WARN_ENUM_CONVERSION = YES;
				CLANG_WARN_INFINITE_RECURSION = YES;
				CLANG_WARN_INT_CONVERSION = YES;
				CLANG_WARN_NON_LITERAL_NULL_CONVERSION = YES;
				CLANG_WARN_OBJC_IMPLICIT_RETAIN_SELF = YES;
				CLANG_WARN_OBJC_LITERAL_CONVERSION = YES;
				CLANG_WARN_OBJC_ROOT_CLASS = YES_ERROR;
				CLANG_WARN_QUOTED_INCLUDE_IN_FRAMEWORK_HEADER = YES;
				CLANG_WARN_RANGE_LOOP_ANALYSIS = YES;
				CLANG_WARN_STRICT_PROTOTYPES = YES;
				CLANG_WARN_SUSPICIOUS_MOVE = YES;
				CLANG_WARN_UNGUARDED_AVAILABILITY = YES_AGGRESSIVE;
				CLANG_WARN_UNREACHABLE_CODE = YES;
				CLANG_WARN__DUPLICATE_METHOD_MATCH = YES;
				COPY_PHASE_STRIP = NO;
				DEBUG_INFORMATION_FORMAT = dwarf;
				ENABLE_STRICT_OBJC_MSGSEND = YES;
				ENABLE_TESTABILITY = YES;
				ENABLE_USER_SCRIPT_SANDBOXING = YES;
				GCC_C_LANGUAGE_STANDARD = gnu17;
				GCC_DYNAMIC_NO_PIC = NO;
				GCC_NO_COMMON_BLOCKS = YES;
				GCC_OPTIMIZATION_LEVEL = 0;
				GCC_PREPROCESSOR_DEFINITIONS = (
					"DEBUG=1",
					"$(inherited)",
				);
				GCC_WARN_64_TO_32_BIT_CONVERSION = YES;
				GCC_WARN_ABOUT_RETURN_TYPE = YES_ERROR;
				GCC_WARN_UNDECLARED_SELECTOR = YES;
				GCC_WARN_UNINITIALIZED_AUTOS = YES_AGGRESSIVE;
				GCC_WARN_UNUSED_FUNCTION = YES;
				GCC_WARN_UNUSED_VARIABLE = YES;
				LOCALIZATION_PREFERS_STRING_CATALOGS = YES;
				MTL_ENABLE_DEBUG_INFO = INCLUDE_SOURCE;
				MTL_FAST_MATH = YES;
				ONLY_ACTIVE_ARCH = YES;
				SWIFT_ACTIVE_COMPILATION_CONDITIONS = "DEBUG $(inherited)";
				SWIFT_OPTIMIZATION_LEVEL = "-Onone";
			};
			name = Debug;
		};
		529D5F332AB911A50066ACB6 /* Release */ = {
			isa = XCBuildConfiguration;
			buildSettings = {
				ALWAYS_SEARCH_USER_PATHS = NO;
				ASSETCATALOG_COMPILER_GENERATE_SWIFT_ASSET_SYMBOL_EXTENSIONS = YES;
				CLANG_ANALYZER_NONNULL = YES;
				CLANG_ANALYZER_NUMBER_OBJECT_CONVERSION = YES_AGGRESSIVE;
				CLANG_CXX_LANGUAGE_STANDARD = "gnu++20";
				CLANG_ENABLE_MODULES = YES;
				CLANG_ENABLE_OBJC_ARC = YES;
				CLANG_ENABLE_OBJC_WEAK = YES;
				CLANG_WARN_BLOCK_CAPTURE_AUTORELEASING = YES;
				CLANG_WARN_BOOL_CONVERSION = YES;
				CLANG_WARN_COMMA = YES;
				CLANG_WARN_CONSTANT_CONVERSION = YES;
				CLANG_WARN_DEPRECATED_OBJC_IMPLEMENTATIONS = YES;
				CLANG_WARN_DIRECT_OBJC_ISA_USAGE = YES_ERROR;
				CLANG_WARN_DOCUMENTATION_COMMENTS = YES;
				CLANG_WARN_EMPTY_BODY = YES;
				CLANG_WARN_ENUM_CONVERSION = YES;
				CLANG_WARN_INFINITE_RECURSION = YES;
				CLANG_WARN_INT_CONVERSION = YES;
				CLANG_WARN_NON_LITERAL_NULL_CONVERSION = YES;
				CLANG_WARN_OBJC_IMPLICIT_RETAIN_SELF = YES;
				CLANG_WARN_OBJC_LITERAL_CONVERSION = YES;
				CLANG_WARN_OBJC_ROOT_CLASS = YES_ERROR;
				CLANG_WARN_QUOTED_INCLUDE_IN_FRAMEWORK_HEADER = YES;
				CLANG_WARN_RANGE_LOOP_ANALYSIS = YES;
				CLANG_WARN_STRICT_PROTOTYPES = YES;
				CLANG_WARN_SUSPICIOUS_MOVE = YES;
				CLANG_WARN_UNGUARDED_AVAILABILITY = YES_AGGRESSIVE;
				CLANG_WARN_UNREACHABLE_CODE = YES;
				CLANG_WARN__DUPLICATE_METHOD_MATCH = YES;
				COPY_PHASE_STRIP = NO;
				DEBUG_INFORMATION_FORMAT = "dwarf-with-dsym";
				ENABLE_NS_ASSERTIONS = NO;
				ENABLE_STRICT_OBJC_MSGSEND = YES;
				ENABLE_USER_SCRIPT_SANDBOXING = YES;
				GCC_C_LANGUAGE_STANDARD = gnu17;
				GCC_NO_COMMON_BLOCKS = YES;
				GCC_WARN_64_TO_32_BIT_CONVERSION = YES;
				GCC_WARN_ABOUT_RETURN_TYPE = YES_ERROR;
				GCC_WARN_UNDECLARED_SELECTOR = YES;
				GCC_WARN_UNINITIALIZED_AUTOS = YES_AGGRESSIVE;
				GCC_WARN_UNUSED_FUNCTION = YES;
				GCC_WARN_UNUSED_VARIABLE = YES;
				LOCALIZATION_PREFERS_STRING_CATALOGS = YES;
				MTL_ENABLE_DEBUG_INFO = NO;
				MTL_FAST_MATH = YES;
				SWIFT_COMPILATION_MODE = wholemodule;
			};
			name = Release;
		};
		529D5F352AB911A50066ACB6 /* Debug */ = {
			isa = XCBuildConfiguration;
			baseConfigurationReference = 47E4C1BDECE83EDB4BBD2871 /* Pods-InstaCloneFirebase.debug.xcconfig */;
			buildSettings = {
				ASSETCATALOG_COMPILER_APPICON_NAME = AppIcon;
				ASSETCATALOG_COMPILER_GLOBAL_ACCENT_COLOR_NAME = AccentColor;
				CODE_SIGN_ENTITLEMENTS = InstaCloneFirebase/InstaCloneFirebase.entitlements;
				CODE_SIGN_STYLE = Automatic;
				CURRENT_PROJECT_VERSION = 1;
				DEVELOPMENT_ASSET_PATHS = "\"InstaCloneFirebase/Preview Content\"";
				ENABLE_PREVIEWS = YES;
				GENERATE_INFOPLIST_FILE = YES;
				"INFOPLIST_KEY_UIApplicationSceneManifest_Generation[sdk=iphoneos*]" = YES;
				"INFOPLIST_KEY_UIApplicationSceneManifest_Generation[sdk=iphonesimulator*]" = YES;
				"INFOPLIST_KEY_UIApplicationSupportsIndirectInputEvents[sdk=iphoneos*]" = YES;
				"INFOPLIST_KEY_UIApplicationSupportsIndirectInputEvents[sdk=iphonesimulator*]" = YES;
				"INFOPLIST_KEY_UILaunchScreen_Generation[sdk=iphoneos*]" = YES;
				"INFOPLIST_KEY_UILaunchScreen_Generation[sdk=iphonesimulator*]" = YES;
				"INFOPLIST_KEY_UIStatusBarStyle[sdk=iphoneos*]" = UIStatusBarStyleDefault;
				"INFOPLIST_KEY_UIStatusBarStyle[sdk=iphonesimulator*]" = UIStatusBarStyleDefault;
				INFOPLIST_KEY_UISupportedInterfaceOrientations_iPad = "UIInterfaceOrientationPortrait UIInterfaceOrientationPortraitUpsideDown UIInterfaceOrientationLandscapeLeft UIInterfaceOrientationLandscapeRight";
				INFOPLIST_KEY_UISupportedInterfaceOrientations_iPhone = "UIInterfaceOrientationPortrait UIInterfaceOrientationLandscapeLeft UIInterfaceOrientationLandscapeRight";
				IPHONEOS_DEPLOYMENT_TARGET = 17.0;
				LD_RUNPATH_SEARCH_PATHS = "@executable_path/Frameworks";
				"LD_RUNPATH_SEARCH_PATHS[sdk=macosx*]" = "@executable_path/../Frameworks";
				MACOSX_DEPLOYMENT_TARGET = 13.5;
				MARKETING_VERSION = 1.0;
				PRODUCT_BUNDLE_IDENTIFIER = devseok.InstaCloneFirebase;
				PRODUCT_NAME = "$(TARGET_NAME)";
				SDKROOT = auto;
				SUPPORTED_PLATFORMS = "iphoneos iphonesimulator macosx";
				SWIFT_EMIT_LOC_STRINGS = YES;
				SWIFT_VERSION = 5.0;
				TARGETED_DEVICE_FAMILY = "1,2";
			};
			name = Debug;
		};
		529D5F362AB911A50066ACB6 /* Release */ = {
			isa = XCBuildConfiguration;
			baseConfigurationReference = D974CF57ECD567EA9CA3B554 /* Pods-InstaCloneFirebase.release.xcconfig */;
			buildSettings = {
				ASSETCATALOG_COMPILER_APPICON_NAME = AppIcon;
				ASSETCATALOG_COMPILER_GLOBAL_ACCENT_COLOR_NAME = AccentColor;
				CODE_SIGN_ENTITLEMENTS = InstaCloneFirebase/InstaCloneFirebase.entitlements;
				CODE_SIGN_STYLE = Automatic;
				CURRENT_PROJECT_VERSION = 1;
				DEVELOPMENT_ASSET_PATHS = "\"InstaCloneFirebase/Preview Content\"";
				ENABLE_PREVIEWS = YES;
				GENERATE_INFOPLIST_FILE = YES;
				"INFOPLIST_KEY_UIApplicationSceneManifest_Generation[sdk=iphoneos*]" = YES;
				"INFOPLIST_KEY_UIApplicationSceneManifest_Generation[sdk=iphonesimulator*]" = YES;
				"INFOPLIST_KEY_UIApplicationSupportsIndirectInputEvents[sdk=iphoneos*]" = YES;
				"INFOPLIST_KEY_UIApplicationSupportsIndirectInputEvents[sdk=iphonesimulator*]" = YES;
				"INFOPLIST_KEY_UILaunchScreen_Generation[sdk=iphoneos*]" = YES;
				"INFOPLIST_KEY_UILaunchScreen_Generation[sdk=iphonesimulator*]" = YES;
				"INFOPLIST_KEY_UIStatusBarStyle[sdk=iphoneos*]" = UIStatusBarStyleDefault;
				"INFOPLIST_KEY_UIStatusBarStyle[sdk=iphonesimulator*]" = UIStatusBarStyleDefault;
				INFOPLIST_KEY_UISupportedInterfaceOrientations_iPad = "UIInterfaceOrientationPortrait UIInterfaceOrientationPortraitUpsideDown UIInterfaceOrientationLandscapeLeft UIInterfaceOrientationLandscapeRight";
				INFOPLIST_KEY_UISupportedInterfaceOrientations_iPhone = "UIInterfaceOrientationPortrait UIInterfaceOrientationLandscapeLeft UIInterfaceOrientationLandscapeRight";
				IPHONEOS_DEPLOYMENT_TARGET = 17.0;
				LD_RUNPATH_SEARCH_PATHS = "@executable_path/Frameworks";
				"LD_RUNPATH_SEARCH_PATHS[sdk=macosx*]" = "@executable_path/../Frameworks";
				MACOSX_DEPLOYMENT_TARGET = 13.5;
				MARKETING_VERSION = 1.0;
				PRODUCT_BUNDLE_IDENTIFIER = devseok.InstaCloneFirebase;
				PRODUCT_NAME = "$(TARGET_NAME)";
				SDKROOT = auto;
				SUPPORTED_PLATFORMS = "iphoneos iphonesimulator macosx";
				SWIFT_EMIT_LOC_STRINGS = YES;
				SWIFT_VERSION = 5.0;
				TARGETED_DEVICE_FAMILY = "1,2";
			};
			name = Release;
		};
		529D5F382AB911A50066ACB6 /* Debug */ = {
			isa = XCBuildConfiguration;
			baseConfigurationReference = 0C3F7B1F8549938021B29034 /* Pods-InstaCloneFirebaseTests.debug.xcconfig */;
			buildSettings = {
				ALWAYS_EMBED_SWIFT_STANDARD_LIBRARIES = YES;
				BUNDLE_LOADER = "$(TEST_HOST)";
				CODE_SIGN_STYLE = Automatic;
				CURRENT_PROJECT_VERSION = 1;
				GENERATE_INFOPLIST_FILE = YES;
				IPHONEOS_DEPLOYMENT_TARGET = 17.0;
				MACOSX_DEPLOYMENT_TARGET = 13.5;
				MARKETING_VERSION = 1.0;
				PRODUCT_BUNDLE_IDENTIFIER = devseok.InstaCloneFirebaseTests;
				PRODUCT_NAME = "$(TARGET_NAME)";
				SDKROOT = auto;
				SUPPORTED_PLATFORMS = "iphoneos iphonesimulator macosx";
				SWIFT_EMIT_LOC_STRINGS = NO;
				SWIFT_VERSION = 5.0;
				TARGETED_DEVICE_FAMILY = "1,2";
				TEST_HOST = "$(BUILT_PRODUCTS_DIR)/InstaCloneFirebase.app/$(BUNDLE_EXECUTABLE_FOLDER_PATH)/InstaCloneFirebase";
			};
			name = Debug;
		};
		529D5F392AB911A50066ACB6 /* Release */ = {
			isa = XCBuildConfiguration;
			baseConfigurationReference = 57C6FD5207C9A7D3B88DC242 /* Pods-InstaCloneFirebaseTests.release.xcconfig */;
			buildSettings = {
				ALWAYS_EMBED_SWIFT_STANDARD_LIBRARIES = YES;
				BUNDLE_LOADER = "$(TEST_HOST)";
				CODE_SIGN_STYLE = Automatic;
				CURRENT_PROJECT_VERSION = 1;
				GENERATE_INFOPLIST_FILE = YES;
				IPHONEOS_DEPLOYMENT_TARGET = 17.0;
				MACOSX_DEPLOYMENT_TARGET = 13.5;
				MARKETING_VERSION = 1.0;
				PRODUCT_BUNDLE_IDENTIFIER = devseok.InstaCloneFirebaseTests;
				PRODUCT_NAME = "$(TARGET_NAME)";
				SDKROOT = auto;
				SUPPORTED_PLATFORMS = "iphoneos iphonesimulator macosx";
				SWIFT_EMIT_LOC_STRINGS = NO;
				SWIFT_VERSION = 5.0;
				TARGETED_DEVICE_FAMILY = "1,2";
				TEST_HOST = "$(BUILT_PRODUCTS_DIR)/InstaCloneFirebase.app/$(BUNDLE_EXECUTABLE_FOLDER_PATH)/InstaCloneFirebase";
			};
			name = Release;
		};
		529D5F3B2AB911A50066ACB6 /* Debug */ = {
			isa = XCBuildConfiguration;
			baseConfigurationReference = 4097AD65C32659957257601E /* Pods-InstaCloneFirebase-InstaCloneFirebaseUITests.debug.xcconfig */;
			buildSettings = {
				ALWAYS_EMBED_SWIFT_STANDARD_LIBRARIES = YES;
				CODE_SIGN_STYLE = Automatic;
				CURRENT_PROJECT_VERSION = 1;
				GENERATE_INFOPLIST_FILE = YES;
				IPHONEOS_DEPLOYMENT_TARGET = 17.0;
				MACOSX_DEPLOYMENT_TARGET = 13.5;
				MARKETING_VERSION = 1.0;
				PRODUCT_BUNDLE_IDENTIFIER = devseok.InstaCloneFirebaseUITests;
				PRODUCT_NAME = "$(TARGET_NAME)";
				SDKROOT = auto;
				SUPPORTED_PLATFORMS = "iphoneos iphonesimulator macosx";
				SWIFT_EMIT_LOC_STRINGS = NO;
				SWIFT_VERSION = 5.0;
				TARGETED_DEVICE_FAMILY = "1,2";
				TEST_TARGET_NAME = InstaCloneFirebase;
			};
			name = Debug;
		};
		529D5F3C2AB911A50066ACB6 /* Release */ = {
			isa = XCBuildConfiguration;
			baseConfigurationReference = CE9C68F8297B523CD1CA8D40 /* Pods-InstaCloneFirebase-InstaCloneFirebaseUITests.release.xcconfig */;
			buildSettings = {
				ALWAYS_EMBED_SWIFT_STANDARD_LIBRARIES = YES;
				CODE_SIGN_STYLE = Automatic;
				CURRENT_PROJECT_VERSION = 1;
				GENERATE_INFOPLIST_FILE = YES;
				IPHONEOS_DEPLOYMENT_TARGET = 17.0;
				MACOSX_DEPLOYMENT_TARGET = 13.5;
				MARKETING_VERSION = 1.0;
				PRODUCT_BUNDLE_IDENTIFIER = devseok.InstaCloneFirebaseUITests;
				PRODUCT_NAME = "$(TARGET_NAME)";
				SDKROOT = auto;
				SUPPORTED_PLATFORMS = "iphoneos iphonesimulator macosx";
				SWIFT_EMIT_LOC_STRINGS = NO;
				SWIFT_VERSION = 5.0;
				TARGETED_DEVICE_FAMILY = "1,2";
				TEST_TARGET_NAME = InstaCloneFirebase;
			};
			name = Release;
		};
/* End XCBuildConfiguration section */

/* Begin XCConfigurationList section */
		529D5F0A2AB911A40066ACB6 /* Build configuration list for PBXProject "InstaCloneFirebase" */ = {
			isa = XCConfigurationList;
			buildConfigurations = (
				529D5F322AB911A50066ACB6 /* Debug */,
				529D5F332AB911A50066ACB6 /* Release */,
			);
			defaultConfigurationIsVisible = 0;
			defaultConfigurationName = Release;
		};
		529D5F342AB911A50066ACB6 /* Build configuration list for PBXNativeTarget "InstaCloneFirebase" */ = {
			isa = XCConfigurationList;
			buildConfigurations = (
				529D5F352AB911A50066ACB6 /* Debug */,
				529D5F362AB911A50066ACB6 /* Release */,
			);
			defaultConfigurationIsVisible = 0;
			defaultConfigurationName = Release;
		};
		529D5F372AB911A50066ACB6 /* Build configuration list for PBXNativeTarget "InstaCloneFirebaseTests" */ = {
			isa = XCConfigurationList;
			buildConfigurations = (
				529D5F382AB911A50066ACB6 /* Debug */,
				529D5F392AB911A50066ACB6 /* Release */,
			);
			defaultConfigurationIsVisible = 0;
			defaultConfigurationName = Release;
		};
		529D5F3A2AB911A50066ACB6 /* Build configuration list for PBXNativeTarget "InstaCloneFirebaseUITests" */ = {
			isa = XCConfigurationList;
			buildConfigurations = (
				529D5F3B2AB911A50066ACB6 /* Debug */,
				529D5F3C2AB911A50066ACB6 /* Release */,
			);
			defaultConfigurationIsVisible = 0;
			defaultConfigurationName = Release;
		};
/* End XCConfigurationList section */
	};
	rootObject = 529D5F072AB911A40066ACB6 /* Project object */;
}
